// !$*UTF8*$!
{
	archiveVersion = 1;
	classes = {
	};
	objectVersion = 46;
	objects = {

/* Begin PBXBuildFile section */
		02994E241B047AAA00260E5F /* main.m in Sources */ = {isa = PBXBuildFile; fileRef = 02994E231B047AAA00260E5F /* main.m */; };
		02994E271B047AAA00260E5F /* AppDelegate.m in Sources */ = {isa = PBXBuildFile; fileRef = 02994E261B047AAA00260E5F /* AppDelegate.m */; };
		02994E2A1B047AAA00260E5F /* ViewController.m in Sources */ = {isa = PBXBuildFile; fileRef = 02994E291B047AAA00260E5F /* ViewController.m */; };
		02994E2D1B047AAA00260E5F /* Main.storyboard in Resources */ = {isa = PBXBuildFile; fileRef = 02994E2B1B047AAA00260E5F /* Main.storyboard */; };
		02994E2F1B047AAA00260E5F /* Images.xcassets in Resources */ = {isa = PBXBuildFile; fileRef = 02994E2E1B047AAA00260E5F /* Images.xcassets */; };
		02994E321B047AAA00260E5F /* LaunchScreen.xib in Resources */ = {isa = PBXBuildFile; fileRef = 02994E301B047AAA00260E5F /* LaunchScreen.xib */; };
		02994E3E1B047AAA00260E5F /* StudyGitDemoTests.m in Sources */ = {isa = PBXBuildFile; fileRef = 02994E3D1B047AAA00260E5F /* StudyGitDemoTests.m */; };
/* End PBXBuildFile section */

/* Begin PBXContainerItemProxy section */
		02994E381B047AAA00260E5F /* PBXContainerItemProxy */ = {
			isa = PBXContainerItemProxy;
			containerPortal = 02994E161B047AAA00260E5F /* Project object */;
			proxyType = 1;
			remoteGlobalIDString = 02994E1D1B047AAA00260E5F;
			remoteInfo = StudyGitDemo;
		};
/* End PBXContainerItemProxy section */

/* Begin PBXFileReference section */
		02994E1E1B047AAA00260E5F /* StudyGitDemo.app */ = {isa = PBXFileReference; explicitFileType = wrapper.application; includeInIndex = 0; path = StudyGitDemo.app; sourceTree = BUILT_PRODUCTS_DIR; };
		02994E221B047AAA00260E5F /* Info.plist */ = {isa = PBXFileReference; lastKnownFileType = text.plist.xml; path = Info.plist; sourceTree = "<group>"; };
		02994E231B047AAA00260E5F /* main.m */ = {isa = PBXFileReference; lastKnownFileType = sourcecode.c.objc; path = main.m; sourceTree = "<group>"; };
		02994E251B047AAA00260E5F /* AppDelegate.h */ = {isa = PBXFileReference; lastKnownFileType = sourcecode.c.h; path = AppDelegate.h; sourceTree = "<group>"; };
		02994E261B047AAA00260E5F /* AppDelegate.m */ = {isa = PBXFileReference; lastKnownFileType = sourcecode.c.objc; path = AppDelegate.m; sourceTree = "<group>"; };
		02994E281B047AAA00260E5F /* ViewController.h */ = {isa = PBXFileReference; lastKnownFileType = sourcecode.c.h; path = ViewController.h; sourceTree = "<group>"; };
		02994E291B047AAA00260E5F /* ViewController.m */ = {isa = PBXFileReference; lastKnownFileType = sourcecode.c.objc; path = ViewController.m; sourceTree = "<group>"; };
		02994E2C1B047AAA00260E5F /* Base */ = {isa = PBXFileReference; lastKnownFileType = file.storyboard; name = Base; path = Base.lproj/Main.storyboard; sourceTree = "<group>"; };
		02994E2E1B047AAA00260E5F /* Images.xcassets */ = {isa = PBXFileReference; lastKnownFileType = folder.assetcatalog; path = Images.xcassets; sourceTree = "<group>"; };
		02994E311B047AAA00260E5F /* Base */ = {isa = PBXFileReference; lastKnownFileType = file.xib; name = Base; path = Base.lproj/LaunchScreen.xib; sourceTree = "<group>"; };
		02994E371B047AAA00260E5F /* StudyGitDemoTests.xctest */ = {isa = PBXFileReference; explicitFileType = wrapper.cfbundle; includeInIndex = 0; path = StudyGitDemoTests.xctest; sourceTree = BUILT_PRODUCTS_DIR; };
		02994E3C1B047AAA00260E5F /* Info.plist */ = {isa = PBXFileReference; lastKnownFileType = text.plist.xml; path = Info.plist; sourceTree = "<group>"; };
		02994E3D1B047AAA00260E5F /* StudyGitDemoTests.m */ = {isa = PBXFileReference; lastKnownFileType = sourcecode.c.objc; path = StudyGitDemoTests.m; sourceTree = "<group>"; };
/* End PBXFileReference section */

/* Begin PBXFrameworksBuildPhase section */
		02994E1B1B047AAA00260E5F /* Frameworks */ = {
			isa = PBXFrameworksBuildPhase;
			buildActionMask = 2147483647;
			files = (
			);
			runOnlyForDeploymentPostprocessing = 0;
		};
		02994E341B047AAA00260E5F /* Frameworks */ = {
			isa = PBXFrameworksBuildPhase;
			buildActionMask = 2147483647;
			files = (
			);
			runOnlyForDeploymentPostprocessing = 0;
		};
/* End PBXFrameworksBuildPhase section */

/* Begin PBXGroup section */
		02994E151B047AAA00260E5F = {
			isa = PBXGroup;
			children = (
				02994E201B047AAA00260E5F /* StudyGitDemo */,
				02994E3A1B047AAA00260E5F /* StudyGitDemoTests */,
				02994E1F1B047AAA00260E5F /* Products */,
			);
			sourceTree = "<group>";
		};
		02994E1F1B047AAA00260E5F /* Products */ = {
			isa = PBXGroup;
			children = (
				02994E1E1B047AAA00260E5F /* StudyGitDemo.app */,
				02994E371B047AAA00260E5F /* StudyGitDemoTests.xctest */,
			);
			name = Products;
			sourceTree = "<group>";
		};
		02994E201B047AAA00260E5F /* StudyGitDemo */ = {
			isa = PBXGroup;
			children = (
				02994E251B047AAA00260E5F /* AppDelegate.h */,
				02994E261B047AAA00260E5F /* AppDelegate.m */,
				02994E281B047AAA00260E5F /* ViewController.h */,
				02994E291B047AAA00260E5F /* ViewController.m */,
				02994E2B1B047AAA00260E5F /* Main.storyboard */,
				02994E2E1B047AAA00260E5F /* Images.xcassets */,
				02994E301B047AAA00260E5F /* LaunchScreen.xib */,
				02994E211B047AAA00260E5F /* Supporting Files */,
			);
			path = StudyGitDemo;
			sourceTree = "<group>";
		};
		02994E211B047AAA00260E5F /* Supporting Files */ = {
			isa = PBXGroup;
			children = (
				02994E221B047AAA00260E5F /* Info.plist */,
				02994E231B047AAA00260E5F /* main.m */,
			);
			name = "Supporting Files";
			sourceTree = "<group>";
		};
		02994E3A1B047AAA00260E5F /* StudyGitDemoTests */ = {
			isa = PBXGroup;
			children = (
				02994E3D1B047AAA00260E5F /* StudyGitDemoTests.m */,
				02994E3B1B047AAA00260E5F /* Supporting Files */,
			);
			path = StudyGitDemoTests;
			sourceTree = "<group>";
		};
		02994E3B1B047AAA00260E5F /* Supporting Files */ = {
			isa = PBXGroup;
			children = (
				02994E3C1B047AAA00260E5F /* Info.plist */,
			);
			name = "Supporting Files";
			sourceTree = "<group>";
		};
/* End PBXGroup section */

/* Begin PBXNativeTarget section */
		02994E1D1B047AAA00260E5F /* StudyGitDemo */ = {
			isa = PBXNativeTarget;
			buildConfigurationList = 02994E411B047AAA00260E5F /* Build configuration list for PBXNativeTarget "StudyGitDemo" */;
			buildPhases = (
				02994E1A1B047AAA00260E5F /* Sources */,
				02994E1B1B047AAA00260E5F /* Frameworks */,
				02994E1C1B047AAA00260E5F /* Resources */,
			);
			buildRules = (
			);
			dependencies = (
			);
			name = StudyGitDemo;
			productName = StudyGitDemo;
			productReference = 02994E1E1B047AAA00260E5F /* StudyGitDemo.app */;
			productType = "com.apple.product-type.application";
		};
		02994E361B047AAA00260E5F /* StudyGitDemoTests */ = {
			isa = PBXNativeTarget;
			buildConfigurationList = 02994E441B047AAA00260E5F /* Build configuration list for PBXNativeTarget "StudyGitDemoTests" */;
			buildPhases = (
				02994E331B047AAA00260E5F /* Sources */,
				02994E341B047AAA00260E5F /* Frameworks */,
				02994E351B047AAA00260E5F /* Resources */,
			);
			buildRules = (
			);
			dependencies = (
				02994E391B047AAA00260E5F /* PBXTargetDependency */,
			);
			name = StudyGitDemoTests;
			productName = StudyGitDemoTests;
			productReference = 02994E371B047AAA00260E5F /* StudyGitDemoTests.xctest */;
			productType = "com.apple.product-type.bundle.unit-test";
		};
/* End PBXNativeTarget section */

/* Begin PBXProject section */
		02994E161B047AAA00260E5F /* Project object */ = {
			isa = PBXProject;
			attributes = {
				LastUpgradeCheck = 0630;
				ORGANIZATIONNAME = zkingsoft;
				TargetAttributes = {
					02994E1D1B047AAA00260E5F = {
						CreatedOnToolsVersion = 6.3.1;
					};
					02994E361B047AAA00260E5F = {
						CreatedOnToolsVersion = 6.3.1;
						TestTargetID = 02994E1D1B047AAA00260E5F;
					};
				};
			};
			buildConfigurationList = 02994E191B047AAA00260E5F /* Build configuration list for PBXProject "StudyGitDemo" */;
			compatibilityVersion = "Xcode 3.2";
			developmentRegion = English;
			hasScannedForEncodings = 0;
			knownRegions = (
				en,
				Base,
			);
			mainGroup = 02994E151B047AAA00260E5F;
			productRefGroup = 02994E1F1B047AAA00260E5F /* Products */;
			projectDirPath = "";
			projectRoot = "";
			targets = (
				02994E1D1B047AAA00260E5F /* StudyGitDemo */,
				02994E361B047AAA00260E5F /* StudyGitDemoTests */,
			);
		};
/* End PBXProject section */

/* Begin PBXResourcesBuildPhase section */
		02994E1C1B047AAA00260E5F /* Resources */ = {
			isa = PBXResourcesBuildPhase;
			buildActionMask = 2147483647;
			files = (
				02994E2D1B047AAA00260E5F /* Main.storyboard in Resources */,
				02994E321B047AAA00260E5F /* LaunchScreen.xib in Resources */,
				02994E2F1B047AAA00260E5F /* Images.xcassets in Resources */,
			);
			runOnlyForDeploymentPostprocessing = 0;
		};
		02994E351B047AAA00260E5F /* Resources */ = {
			isa = PBXResourcesBuildPhase;
			buildActionMask = 2147483647;
			files = (
			);
			runOnlyForDeploymentPostprocessing = 0;
		};
/* End PBXResourcesBuildPhase section */

/* Begin PBXSourcesBuildPhase section */
		02994E1A1B047AAA00260E5F /* Sources */ = {
			isa = PBXSourcesBuildPhase;
			buildActionMask = 2147483647;
			files = (
				02994E2A1B047AAA00260E5F /* ViewController.m in Sources */,
				02994E271B047AAA00260E5F /* AppDelegate.m in Sources */,
				02994E241B047AAA00260E5F /* main.m in Sources */,
			);
			runOnlyForDeploymentPostprocessing = 0;
		};
		02994E331B047AAA00260E5F /* Sources */ = {
			isa = PBXSourcesBuildPhase;
			buildActionMask = 2147483647;
			files = (
				02994E3E1B047AAA00260E5F /* StudyGitDemoTests.m in Sources */,
			);
			runOnlyForDeploymentPostprocessing = 0;
		};
/* End PBXSourcesBuildPhase section */

/* Begin PBXTargetDependency section */
		02994E391B047AAA00260E5F /* PBXTargetDependency */ = {
			isa = PBXTargetDependency;
			target = 02994E1D1B047AAA00260E5F /* StudyGitDemo */;
			targetProxy = 02994E381B047AAA00260E5F /* PBXContainerItemProxy */;
		};
/* End PBXTargetDependency section */

/* Begin PBXVariantGroup section */
		02994E2B1B047AAA00260E5F /* Main.storyboard */ = {
			isa = PBXVariantGroup;
			children = (
				02994E2C1B047AAA00260E5F /* Base */,
			);
			name = Main.storyboard;
			sourceTree = "<group>";
		};
		02994E301B047AAA00260E5F /* LaunchScreen.xib */ = {
			isa = PBXVariantGroup;
			children = (
				02994E311B047AAA00260E5F /* Base */,
			);
			name = LaunchScreen.xib;
			sourceTree = "<group>";
		};
/* End PBXVariantGroup section */

/* Begin XCBuildConfiguration section */
		02994E3F1B047AAA00260E5F /* Debug */ = {
			isa = XCBuildConfiguration;
			buildSettings = {
				ALWAYS_SEARCH_USER_PATHS = NO;
				CLANG_CXX_LANGUAGE_STANDARD = "gnu++0x";
				CLANG_CXX_LIBRARY = "libc++";
				CLANG_ENABLE_MODULES = YES;
				CLANG_ENABLE_OBJC_ARC = YES;
				CLANG_WARN_BOOL_CONVERSION = YES;
				CLANG_WARN_CONSTANT_CONVERSION = YES;
				CLANG_WARN_DIRECT_OBJC_ISA_USAGE = YES_ERROR;
				CLANG_WARN_EMPTY_BODY = YES;
				CLANG_WARN_ENUM_CONVERSION = YES;
				CLANG_WARN_INT_CONVERSION = YES;
				CLANG_WARN_OBJC_ROOT_CLASS = YES_ERROR;
				CLANG_WARN_UNREACHABLE_CODE = YES;
				CLANG_WARN__DUPLICATE_METHOD_MATCH = YES;
				"CODE_SIGN_IDENTITY[sdk=iphoneos*]" = "iPhone Developer";
				COPY_PHASE_STRIP = NO;
				DEBUG_INFORMATION_FORMAT = "dwarf-with-dsym";
				ENABLE_STRICT_OBJC_MSGSEND = YES;
				GCC_C_LANGUAGE_STANDARD = gnu99;
				GCC_DYNAMIC_NO_PIC = NO;
				GCC_NO_COMMON_BLOCKS = YES;
				GCC_OPTIMIZATION_LEVEL = 0;
				GCC_PREPROCESSOR_DEFINITIONS = (
					"DEBUG=1",
					"$(inherited)",
				);
				GCC_SYMBOLS_PRIVATE_EXTERN = NO;
				GCC_WARN_64_TO_32_BIT_CONVERSION = YES;
				GCC_WARN_ABOUT_RETURN_TYPE = YES_ERROR;
				GCC_WARN_UNDECLARED_SELECTOR = YES;
				GCC_WARN_UNINITIALIZED_AUTOS = YES_AGGRESSIVE;
				GCC_WARN_UNUSED_FUNCTION = YES;
				GCC_WARN_UNUSED_VARIABLE = YES;
				IPHONEOS_DEPLOYMENT_TARGET = 8.3;
				MTL_ENABLE_DEBUG_INFO = YES;
				ONLY_ACTIVE_ARCH = YES;
				SDKROOT = iphoneos;
				TARGETED_DEVICE_FAMILY = "1,2";
			};
			name = Debug;
		};
		02994E401B047AAA00260E5F /* Release */ = {
			isa = XCBuildConfiguration;
			buildSettings = {
				ALWAYS_SEARCH_USER_PATHS = NO;
				CLANG_CXX_LANGUAGE_STANDARD = "gnu++0x";
				CLANG_CXX_LIBRARY = "libc++";
				CLANG_ENABLE_MODULES = YES;
				CLANG_ENABLE_OBJC_ARC = YES;
				CLANG_WARN_BOOL_CONVERSION = YES;
				CLANG_WARN_CONSTANT_CONVERSION = YES;
				CLANG_WARN_DIRECT_OBJC_ISA_USAGE = YES_ERROR;
				CLANG_WARN_EMPTY_BODY = YES;
				CLANG_WARN_ENUM_CONVERSION = YES;
				CLANG_WARN_INT_CONVERSION = YES;
				CLANG_WARN_OBJC_ROOT_CLASS = YES_ERROR;
				CLANG_WARN_UNREACHABLE_CODE = YES;
				CLANG_WARN__DUPLICATE_METHOD_MATCH = YES;
				"CODE_SIGN_IDENTITY[sdk=iphoneos*]" = "iPhone Developer";
				COPY_PHASE_STRIP = NO;
				DEBUG_INFORMATION_FORMAT = "dwarf-with-dsym";
				ENABLE_NS_ASSERTIONS = NO;
				ENABLE_STRICT_OBJC_MSGSEND = YES;
				GCC_C_LANGUAGE_STANDARD = gnu99;
				GCC_NO_COMMON_BLOCKS = YES;
				GCC_WARN_64_TO_32_BIT_CONVERSION = YES;
				GCC_WARN_ABOUT_RETURN_TYPE = YES_ERROR;
				GCC_WARN_UNDECLARED_SELECTOR = YES;
				GCC_WARN_UNINITIALIZED_AUTOS = YES_AGGRESSIVE;
				GCC_WARN_UNUSED_FUNCTION = YES;
				GCC_WARN_UNUSED_VARIABLE = YES;
				IPHONEOS_DEPLOYMENT_TARGET = 8.3;
				MTL_ENABLE_DEBUG_INFO = NO;
				SDKROOT = iphoneos;
				TARGETED_DEVICE_FAMILY = "1,2";
				VALIDATE_PRODUCT = YES;
			};
			name = Release;
		};
		02994E421B047AAA00260E5F /* Debug */ = {
			isa = XCBuildConfiguration;
			buildSettings = {
				ASSETCATALOG_COMPILER_APPICON_NAME = AppIcon;
				INFOPLIST_FILE = StudyGitDemo/Info.plist;
				LD_RUNPATH_SEARCH_PATHS = "$(inherited) @executable_path/Frameworks";
				PRODUCT_NAME = "$(TARGET_NAME)";
			};
			name = Debug;
		};
		02994E431B047AAA00260E5F /* Release */ = {
			isa = XCBuildConfiguration;
			buildSettings = {
				ASSETCATALOG_COMPILER_APPICON_NAME = AppIcon;
				INFOPLIST_FILE = StudyGitDemo/Info.plist;
				LD_RUNPATH_SEARCH_PATHS = "$(inherited) @executable_path/Frameworks";
				PRODUCT_NAME = "$(TARGET_NAME)";
			};
			name = Release;
		};
		02994E451B047AAA00260E5F /* Debug */ = {
			isa = XCBuildConfiguration;
			buildSettings = {
				BUNDLE_LOADER = "$(TEST_HOST)";
				FRAMEWORK_SEARCH_PATHS = (
					"$(SDKROOT)/Developer/Library/Frameworks",
					"$(inherited)",
				);
				GCC_PREPROCESSOR_DEFINITIONS = (
					"DEBUG=1",
					"$(inherited)",
				);
				INFOPLIST_FILE = StudyGitDemoTests/Info.plist;
				LD_RUNPATH_SEARCH_PATHS = "$(inherited) @executable_path/Frameworks @loader_path/Frameworks";
				PRODUCT_NAME = "$(TARGET_NAME)";
				TEST_HOST = "$(BUILT_PRODUCTS_DIR)/StudyGitDemo.app/StudyGitDemo";
			};
			name = Debug;
		};
		02994E461B047AAA00260E5F /* Release */ = {
			isa = XCBuildConfiguration;
			buildSettings = {
				BUNDLE_LOADER = "$(TEST_HOST)";
				FRAMEWORK_SEARCH_PATHS = (
					"$(SDKROOT)/Developer/Library/Frameworks",
					"$(inherited)",
				);
				INFOPLIST_FILE = StudyGitDemoTests/Info.plist;
				LD_RUNPATH_SEARCH_PATHS = "$(inherited) @executable_path/Frameworks @loader_path/Frameworks";
				PRODUCT_NAME = "$(TARGET_NAME)";
				TEST_HOST = "$(BUILT_PRODUCTS_DIR)/StudyGitDemo.app/StudyGitDemo";
			};
			name = Release;
		};
/* End XCBuildConfiguration section */

/* Begin XCConfigurationList section */
		02994E191B047AAA00260E5F /* Build configuration list for PBXProject "StudyGitDemo" */ = {
			isa = XCConfigurationList;
			buildConfigurations = (
				02994E3F1B047AAA00260E5F /* Debug */,
				02994E401B047AAA00260E5F /* Release */,
			);
			defaultConfigurationIsVisible = 0;
			defaultConfigurationName = Release;
		};
		02994E411B047AAA00260E5F /* Build configuration list for PBXNativeTarget "StudyGitDemo" */ = {
			isa = XCConfigurationList;
			buildConfigurations = (
				02994E421B047AAA00260E5F /* Debug */,
				02994E431B047AAA00260E5F /* Release */,
			);
			defaultConfigurationIsVisible = 0;
		};
		02994E441B047AAA00260E5F /* Build configuration list for PBXNativeTarget "StudyGitDemoTests" */ = {
			isa = XCConfigurationList;
			buildConfigurations = (
				02994E451B047AAA00260E5F /* Debug */,
				02994E461B047AAA00260E5F /* Release */,
			);
			defaultConfigurationIsVisible = 0;
		};
/* End XCConfigurationList section */
	};
	rootObject = 02994E161B047AAA00260E5F /* Project object */;
}
